Microsoft Visual Studio Solution File, Format Version 12.00
# Visual Studio Version 17
VisualStudioVersion = 17.5.2.0
MinimumVisualStudioVersion = 10.0.40219.1
Project("{FAE04EC0-301F-11D3-BF4B-00C04F79EFBC}") = "libraraymanagment", "libraraymanagment.csproj", "{4939A981-6BC0-3DA9-8FAA-032132FB5431}"
EndProject
Global
	GlobalSection(SolutionConfigurationPlatforms) = preSolution
		Debug|Any CPU = Debug|Any CPU
		Release|Any CPU = Release|Any CPU
	EndGlobalSection
	GlobalSection(ProjectConfigurationPlatforms) = postSolution
		{4939A981-6BC0-3DA9-8FAA-032132FB5431}.Debug|Any CPU.ActiveCfg = Debug|Any CPU
		{4939A981-6BC0-3DA9-8FAA-032132FB5431}.Debug|Any CPU.Build.0 = Debug|Any CPU
		{4939A981-6BC0-3DA9-8FAA-032132FB5431}.Release|Any CPU.ActiveCfg = Release|Any CPU
		{4939A981-6BC0-3DA9-8FAA-032132FB5431}.Release|Any CPU.Build.0 = Release|Any CPU
	EndGlobalSection
	GlobalSection(SolutionProperties) = preSolution
		HideSolutionNode = FALSE
	EndGlobalSection
	GlobalSection(ExtensibilityGlobals) = postSolution
		SolutionGuid = {B227C51F-5948-4192-A6FE-547D8226C549}
	EndGlobalSection
EndGlobal
