Microsoft Visual Studio Solution File, Format Version 12.00
# Visual Studio Version 17
VisualStudioVersion = 17.5.2.0
MinimumVisualStudioVersion = 10.0.40219.1
Project("{FAE04EC0-301F-11D3-BF4B-00C04F79EFBC}") = "calculus", "calculus.csproj", "{EF8F1D6F-7DF1-ADAF-4F7E-F58AC5AED6F0}"
EndProject
Global
	GlobalSection(SolutionConfigurationPlatforms) = preSolution
		Debug|Any CPU = Debug|Any CPU
		Release|Any CPU = Release|Any CPU
	EndGlobalSection
	GlobalSection(ProjectConfigurationPlatforms) = postSolution
		{EF8F1D6F-7DF1-ADAF-4F7E-F58AC5AED6F0}.Debug|Any CPU.ActiveCfg = Debug|Any CPU
		{EF8F1D6F-7DF1-ADAF-4F7E-F58AC5AED6F0}.Debug|Any CPU.Build.0 = Debug|Any CPU
		{EF8F1D6F-7DF1-ADAF-4F7E-F58AC5AED6F0}.Release|Any CPU.ActiveCfg = Release|Any CPU
		{EF8F1D6F-7DF1-ADAF-4F7E-F58AC5AED6F0}.Release|Any CPU.Build.0 = Release|Any CPU
	EndGlobalSection
	GlobalSection(SolutionProperties) = preSolution
		HideSolutionNode = FALSE
	EndGlobalSection
	GlobalSection(ExtensibilityGlobals) = postSolution
		SolutionGuid = {A6CA7027-DC41-424C-89EC-F810AFA1E06B}
	EndGlobalSection
EndGlobal
