Microsoft Visual Studio Solution File, Format Version 12.00
# Visual Studio Version 17
VisualStudioVersion = 17.5.2.0
MinimumVisualStudioVersion = 10.0.40219.1
Project("{FAE04EC0-301F-11D3-BF4B-00C04F79EFBC}") = "probability", "probability.csproj", "{9C174AE3-DD44-E644-616A-859926EA0F9A}"
EndProject
Global
	GlobalSection(SolutionConfigurationPlatforms) = preSolution
		Debug|Any CPU = Debug|Any CPU
		Release|Any CPU = Release|Any CPU
	EndGlobalSection
	GlobalSection(ProjectConfigurationPlatforms) = postSolution
		{9C174AE3-DD44-E644-616A-859926EA0F9A}.Debug|Any CPU.ActiveCfg = Debug|Any CPU
		{9C174AE3-DD44-E644-616A-859926EA0F9A}.Debug|Any CPU.Build.0 = Debug|Any CPU
		{9C174AE3-DD44-E644-616A-859926EA0F9A}.Release|Any CPU.ActiveCfg = Release|Any CPU
		{9C174AE3-DD44-E644-616A-859926EA0F9A}.Release|Any CPU.Build.0 = Release|Any CPU
	EndGlobalSection
	GlobalSection(SolutionProperties) = preSolution
		HideSolutionNode = FALSE
	EndGlobalSection
	GlobalSection(ExtensibilityGlobals) = postSolution
		SolutionGuid = {3265BB27-FB96-4F15-8573-135C3179C5E7}
	EndGlobalSection
EndGlobal
