Microsoft Visual Studio Solution File, Format Version 12.00
# Visual Studio Version 17
VisualStudioVersion = 17.5.2.0
MinimumVisualStudioVersion = 10.0.40219.1
Project("{FAE04EC0-301F-11D3-BF4B-00C04F79EFBC}") = "C#operators", "C#operators.csproj", "{2678AB65-325D-BF83-10B2-00D9DDA350B6}"
EndProject
Global
	GlobalSection(SolutionConfigurationPlatforms) = preSolution
		Debug|Any CPU = Debug|Any CPU
		Release|Any CPU = Release|Any CPU
	EndGlobalSection
	GlobalSection(ProjectConfigurationPlatforms) = postSolution
		{2678AB65-325D-BF83-10B2-00D9DDA350B6}.Debug|Any CPU.ActiveCfg = Debug|Any CPU
		{2678AB65-325D-BF83-10B2-00D9DDA350B6}.Debug|Any CPU.Build.0 = Debug|Any CPU
		{2678AB65-325D-BF83-10B2-00D9DDA350B6}.Release|Any CPU.ActiveCfg = Release|Any CPU
		{2678AB65-325D-BF83-10B2-00D9DDA350B6}.Release|Any CPU.Build.0 = Release|Any CPU
	EndGlobalSection
	GlobalSection(SolutionProperties) = preSolution
		HideSolutionNode = FALSE
	EndGlobalSection
	GlobalSection(ExtensibilityGlobals) = postSolution
		SolutionGuid = {621B5F11-D2D2-43B6-8667-4B03BEAF3F70}
	EndGlobalSection
EndGlobal
